
Microsoft Visual Studio Solution File, Format Version 12.00
# Visual Studio Version 17
VisualStudioVersion = 17.10.35027.167
MinimumVisualStudioVersion = 10.0.40219.1
Project("{2150E333-8FDC-42A3-9474-1A3956D46DE8}") = "src", "src", "{4AE236CC-871C-4423-A312-7FD205D0D0F3}"
EndProject
Project("{2150E333-8FDC-42A3-9474-1A3956D46DE8}") = "building blocks", "building blocks", "{2D79A451-04C3-49EE-BAEF-80E4751780BC}"
EndProject
Project("{2150E333-8FDC-42A3-9474-1A3956D46DE8}") = "services", "services", "{2807AADC-55C0-43C7-9BA8-5A5486FA4BB9}"
EndProject
Project("{2150E333-8FDC-42A3-9474-1A3956D46DE8}") = "web", "web", "{D4654281-2084-4539-865D-59AF50F2418B}"
EndProject
Project("{2150E333-8FDC-42A3-9474-1A3956D46DE8}") = "Identidade", "Identidade", "{9C56A487-9879-4568-A69B-B0E9EDECDD96}"
EndProject
Project("{9A19103F-16F7-4668-BE54-9A1E7A4F7556}") = "NSE.Identidade.API", "src\services\NSE.Identidade.API\NSE.Identidade.API.csproj", "{A589F984-E745-4FAD-AF6B-3C84876269D3}"
EndProject
Project("{2150E333-8FDC-42A3-9474-1A3956D46DE8}") = "MVC", "MVC", "{6F2685CF-CDBF-4296-8FEE-1DC2D0333571}"
EndProject
Project("{9A19103F-16F7-4668-BE54-9A1E7A4F7556}") = "NSE.WebApp.MVC", "src\web\NSE.WebApp.MVC\NSE.WebApp.MVC.csproj", "{D1ACF6E4-9313-487C-A82C-E057F27F6313}"
EndProject
Project("{2150E333-8FDC-42A3-9474-1A3956D46DE8}") = "Core", "Core", "{E55339A2-9C3C-4FE0-9FC3-7EC6796268E1}"
EndProject
Project("{9A19103F-16F7-4668-BE54-9A1E7A4F7556}") = "NSE.Core", "src\building blocks\NSE.Core\NSE.Core.csproj", "{6F5CC7A1-F79C-48B7-B331-8F59A3103D60}"
EndProject
Project("{2150E333-8FDC-42A3-9474-1A3956D46DE8}") = "Carrinho", "Carrinho", "{C6877C0B-48A3-46B0-9199-BECA11FE250D}"
EndProject
Project("{2150E333-8FDC-42A3-9474-1A3956D46DE8}") = "Catalogo", "Catalogo", "{A4B9F054-F2CD-41A8-B366-E9AFE50B1086}"
EndProject
Project("{2150E333-8FDC-42A3-9474-1A3956D46DE8}") = "Cliente", "Cliente", "{C624D06A-0928-45D0-9F4C-80DAF6AF4D8D}"
EndProject
Project("{2150E333-8FDC-42A3-9474-1A3956D46DE8}") = "Pagamento", "Pagamento", "{B1E1E1F0-A62F-4300-9F3B-6B05EEEF70D6}"
EndProject
Project("{2150E333-8FDC-42A3-9474-1A3956D46DE8}") = "Pedido", "Pedido", "{C811E973-67A1-41FD-B450-51D99B7CE868}"
EndProject
Project("{9A19103F-16F7-4668-BE54-9A1E7A4F7556}") = "NSE.Carrinho.API", "src\services\NSE.Carrinho.API\NSE.Carrinho.API.csproj", "{D4C6B7C6-1A20-4485-B681-33960B14471D}"
EndProject
Project("{FAE04EC0-301F-11D3-BF4B-00C04F79EFBC}") = "NSE.Catalogo.API", "src\services\NSE.Catalogo.API\NSE.Catalogo.API.csproj", "{C43131AC-242D-4E6E-975E-7FDF6A9C1321}"
EndProject
Project("{FAE04EC0-301F-11D3-BF4B-00C04F79EFBC}") = "NSE.Cliente.API", "src\services\NSE.Cliente.API\NSE.Cliente.API.csproj", "{CD077E36-D052-44CA-B1BF-A2EBD56914CB}"
EndProject
Project("{FAE04EC0-301F-11D3-BF4B-00C04F79EFBC}") = "NSE.Pagamento.API", "src\services\NSE.Pagamento.API\NSE.Pagamento.API.csproj", "{9FD4F550-1642-4673-9BFC-0EAEDDC3F848}"
EndProject
Project("{FAE04EC0-301F-11D3-BF4B-00C04F79EFBC}") = "NSE.Pedido.API", "src\services\NSE.Pedido.API\NSE.Pedido.API.csproj", "{DB625ACD-86ED-4055-8DEF-86FB6F191ABD}"
EndProject
Project("{2150E333-8FDC-42A3-9474-1A3956D46DE8}") = "Services", "Services", "{BBB1D9DA-8F6C-46BD-8494-6767012B6E7D}"
EndProject
Project("{FAE04EC0-301F-11D3-BF4B-00C04F79EFBC}") = "NSE.WebAPI.Core", "src\building blocks\NSE.WebAPI.Core\NSE.WebAPI.Core.csproj", "{D71C1D2F-7188-41AD-B906-2ED2F02B3C4C}"
EndProject
Global
	GlobalSection(SolutionConfigurationPlatforms) = preSolution
		Debug|Any CPU = Debug|Any CPU
		Release|Any CPU = Release|Any CPU
	EndGlobalSection
	GlobalSection(ProjectConfigurationPlatforms) = postSolution
		{A589F984-E745-4FAD-AF6B-3C84876269D3}.Debug|Any CPU.ActiveCfg = Debug|Any CPU
		{A589F984-E745-4FAD-AF6B-3C84876269D3}.Debug|Any CPU.Build.0 = Debug|Any CPU
		{A589F984-E745-4FAD-AF6B-3C84876269D3}.Release|Any CPU.ActiveCfg = Release|Any CPU
		{A589F984-E745-4FAD-AF6B-3C84876269D3}.Release|Any CPU.Build.0 = Release|Any CPU
		{D1ACF6E4-9313-487C-A82C-E057F27F6313}.Debug|Any CPU.ActiveCfg = Debug|Any CPU
		{D1ACF6E4-9313-487C-A82C-E057F27F6313}.Debug|Any CPU.Build.0 = Debug|Any CPU
		{D1ACF6E4-9313-487C-A82C-E057F27F6313}.Release|Any CPU.ActiveCfg = Release|Any CPU
		{D1ACF6E4-9313-487C-A82C-E057F27F6313}.Release|Any CPU.Build.0 = Release|Any CPU
		{6F5CC7A1-F79C-48B7-B331-8F59A3103D60}.Debug|Any CPU.ActiveCfg = Debug|Any CPU
		{6F5CC7A1-F79C-48B7-B331-8F59A3103D60}.Debug|Any CPU.Build.0 = Debug|Any CPU
		{6F5CC7A1-F79C-48B7-B331-8F59A3103D60}.Release|Any CPU.ActiveCfg = Release|Any CPU
		{6F5CC7A1-F79C-48B7-B331-8F59A3103D60}.Release|Any CPU.Build.0 = Release|Any CPU
		{D4C6B7C6-1A20-4485-B681-33960B14471D}.Debug|Any CPU.ActiveCfg = Debug|Any CPU
		{D4C6B7C6-1A20-4485-B681-33960B14471D}.Debug|Any CPU.Build.0 = Debug|Any CPU
		{D4C6B7C6-1A20-4485-B681-33960B14471D}.Release|Any CPU.ActiveCfg = Release|Any CPU
		{D4C6B7C6-1A20-4485-B681-33960B14471D}.Release|Any CPU.Build.0 = Release|Any CPU
		{C43131AC-242D-4E6E-975E-7FDF6A9C1321}.Debug|Any CPU.ActiveCfg = Debug|Any CPU
		{C43131AC-242D-4E6E-975E-7FDF6A9C1321}.Debug|Any CPU.Build.0 = Debug|Any CPU
		{C43131AC-242D-4E6E-975E-7FDF6A9C1321}.Release|Any CPU.ActiveCfg = Release|Any CPU
		{C43131AC-242D-4E6E-975E-7FDF6A9C1321}.Release|Any CPU.Build.0 = Release|Any CPU
		{CD077E36-D052-44CA-B1BF-A2EBD56914CB}.Debug|Any CPU.ActiveCfg = Debug|Any CPU
		{CD077E36-D052-44CA-B1BF-A2EBD56914CB}.Debug|Any CPU.Build.0 = Debug|Any CPU
		{CD077E36-D052-44CA-B1BF-A2EBD56914CB}.Release|Any CPU.ActiveCfg = Release|Any CPU
		{CD077E36-D052-44CA-B1BF-A2EBD56914CB}.Release|Any CPU.Build.0 = Release|Any CPU
		{9FD4F550-1642-4673-9BFC-0EAEDDC3F848}.Debug|Any CPU.ActiveCfg = Debug|Any CPU
		{9FD4F550-1642-4673-9BFC-0EAEDDC3F848}.Debug|Any CPU.Build.0 = Debug|Any CPU
		{9FD4F550-1642-4673-9BFC-0EAEDDC3F848}.Release|Any CPU.ActiveCfg = Release|Any CPU
		{9FD4F550-1642-4673-9BFC-0EAEDDC3F848}.Release|Any CPU.Build.0 = Release|Any CPU
		{DB625ACD-86ED-4055-8DEF-86FB6F191ABD}.Debug|Any CPU.ActiveCfg = Debug|Any CPU
		{DB625ACD-86ED-4055-8DEF-86FB6F191ABD}.Debug|Any CPU.Build.0 = Debug|Any CPU
		{DB625ACD-86ED-4055-8DEF-86FB6F191ABD}.Release|Any CPU.ActiveCfg = Release|Any CPU
		{DB625ACD-86ED-4055-8DEF-86FB6F191ABD}.Release|Any CPU.Build.0 = Release|Any CPU
		{D71C1D2F-7188-41AD-B906-2ED2F02B3C4C}.Debug|Any CPU.ActiveCfg = Debug|Any CPU
		{D71C1D2F-7188-41AD-B906-2ED2F02B3C4C}.Debug|Any CPU.Build.0 = Debug|Any CPU
		{D71C1D2F-7188-41AD-B906-2ED2F02B3C4C}.Release|Any CPU.ActiveCfg = Release|Any CPU
		{D71C1D2F-7188-41AD-B906-2ED2F02B3C4C}.Release|Any CPU.Build.0 = Release|Any CPU
	EndGlobalSection
	GlobalSection(SolutionProperties) = preSolution
		HideSolutionNode = FALSE
	EndGlobalSection
	GlobalSection(NestedProjects) = preSolution
		{2D79A451-04C3-49EE-BAEF-80E4751780BC} = {4AE236CC-871C-4423-A312-7FD205D0D0F3}
		{2807AADC-55C0-43C7-9BA8-5A5486FA4BB9} = {4AE236CC-871C-4423-A312-7FD205D0D0F3}
		{D4654281-2084-4539-865D-59AF50F2418B} = {4AE236CC-871C-4423-A312-7FD205D0D0F3}
		{9C56A487-9879-4568-A69B-B0E9EDECDD96} = {2807AADC-55C0-43C7-9BA8-5A5486FA4BB9}
		{A589F984-E745-4FAD-AF6B-3C84876269D3} = {9C56A487-9879-4568-A69B-B0E9EDECDD96}
		{6F2685CF-CDBF-4296-8FEE-1DC2D0333571} = {D4654281-2084-4539-865D-59AF50F2418B}
		{D1ACF6E4-9313-487C-A82C-E057F27F6313} = {6F2685CF-CDBF-4296-8FEE-1DC2D0333571}
		{E55339A2-9C3C-4FE0-9FC3-7EC6796268E1} = {2D79A451-04C3-49EE-BAEF-80E4751780BC}
		{6F5CC7A1-F79C-48B7-B331-8F59A3103D60} = {E55339A2-9C3C-4FE0-9FC3-7EC6796268E1}
		{C6877C0B-48A3-46B0-9199-BECA11FE250D} = {2807AADC-55C0-43C7-9BA8-5A5486FA4BB9}
		{A4B9F054-F2CD-41A8-B366-E9AFE50B1086} = {2807AADC-55C0-43C7-9BA8-5A5486FA4BB9}
		{C624D06A-0928-45D0-9F4C-80DAF6AF4D8D} = {2807AADC-55C0-43C7-9BA8-5A5486FA4BB9}
		{B1E1E1F0-A62F-4300-9F3B-6B05EEEF70D6} = {2807AADC-55C0-43C7-9BA8-5A5486FA4BB9}
		{C811E973-67A1-41FD-B450-51D99B7CE868} = {2807AADC-55C0-43C7-9BA8-5A5486FA4BB9}
		{D4C6B7C6-1A20-4485-B681-33960B14471D} = {C6877C0B-48A3-46B0-9199-BECA11FE250D}
		{C43131AC-242D-4E6E-975E-7FDF6A9C1321} = {A4B9F054-F2CD-41A8-B366-E9AFE50B1086}
		{CD077E36-D052-44CA-B1BF-A2EBD56914CB} = {C624D06A-0928-45D0-9F4C-80DAF6AF4D8D}
		{9FD4F550-1642-4673-9BFC-0EAEDDC3F848} = {B1E1E1F0-A62F-4300-9F3B-6B05EEEF70D6}
		{DB625ACD-86ED-4055-8DEF-86FB6F191ABD} = {C811E973-67A1-41FD-B450-51D99B7CE868}
		{BBB1D9DA-8F6C-46BD-8494-6767012B6E7D} = {2D79A451-04C3-49EE-BAEF-80E4751780BC}
		{D71C1D2F-7188-41AD-B906-2ED2F02B3C4C} = {BBB1D9DA-8F6C-46BD-8494-6767012B6E7D}
	EndGlobalSection
	GlobalSection(ExtensibilityGlobals) = postSolution
		SolutionGuid = {804512BB-133F-48C1-8EE6-6659B62DD5D3}
	EndGlobalSection
EndGlobal
